
Microsoft Visual Studio Solution File, Format Version 12.00
# Visual Studio 15
VisualStudioVersion = 15.0.28307.106
MinimumVisualStudioVersion = 10.0.40219.1
Project("{9A19103F-16F7-4668-BE54-9A1E7A4F7556}") = "AiPingCore", "AiPingCore\AiPingCore.csproj", "{367E19A2-C718-4511-A93F-F67A07EDF3D7}"
EndProject
Project("{2150E333-8FDC-42A3-9474-1A3956D46DE8}") = "DockerCmd", "DockerCmd", "{60BFC028-E944-452D-B807-A84423CE3F28}"
	ProjectSection(SolutionItems) = preProject
		docker-compose-nat.yml = docker-compose-nat.yml
		docker-compose.yml = docker-compose.yml
		dockerfile = dockerfile
		readme.txt = readme.txt
	EndProjectSection
EndProject
Global
	GlobalSection(SolutionConfigurationPlatforms) = preSolution
		Debug|Any CPU = Debug|Any CPU
		Release|Any CPU = Release|Any CPU
	EndGlobalSection
	GlobalSection(ProjectConfigurationPlatforms) = postSolution
		{367E19A2-C718-4511-A93F-F67A07EDF3D7}.Debug|Any CPU.ActiveCfg = Debug|Any CPU
		{367E19A2-C718-4511-A93F-F67A07EDF3D7}.Debug|Any CPU.Build.0 = Debug|Any CPU
		{367E19A2-C718-4511-A93F-F67A07EDF3D7}.Release|Any CPU.ActiveCfg = Release|Any CPU
		{367E19A2-C718-4511-A93F-F67A07EDF3D7}.Release|Any CPU.Build.0 = Release|Any CPU
	EndGlobalSection
	GlobalSection(SolutionProperties) = preSolution
		HideSolutionNode = FALSE
	EndGlobalSection
	GlobalSection(ExtensibilityGlobals) = postSolution
		SolutionGuid = {0D24ECD9-8CBF-47E2-B1B3-233D0199AAAB}
	EndGlobalSection
EndGlobal
